<?xml version="1.0" encoding="utf-8"?>
<Project ToolsVersion="4.0" xmlns="http://schemas.microsoft.com/developer/msbuild/2003">
  <ItemGroup>
    <Filter Include="Source Files">
      <UniqueIdentifier>{4FC737F1-C7A5-4376-A066-2A32D752A2FF}</UniqueIdentifier>
      <Extensions>cpp;c;cc;cxx;def;odl;idl;hpj;bat;asm;asmx</Extensions>
    </Filter>
    <Filter Include="Header Files">
      <UniqueIdentifier>{93995380-89BD-4b04-88EB-625FBE52EBFB}</UniqueIdentifier>
      <Extensions>h;hh;hpp;hxx;hm;inl;inc;xsd</Extensions>
    </Filter>
    <Filter Include="Resource Files">
      <UniqueIdentifier>{67DA6AB6-F800-4c08-8B7A-83BB121AAD01}</UniqueIdentifier>
      <Extensions>qrc;rc;ico;cur;bmp;dlg;rc2;rct;bin;rgs;gif;jpg;jpeg;jpe;resx;tiff;tif;png;wav;mfcribbon-ms</Extensions>
    </Filter>
    <Filter Include="Form Files">
      <UniqueIdentifier>{99349809-55BA-4b9d-BF79-8FDBB0286EB3}</UniqueIdentifier>
      <Extensions>ui</Extensions>
    </Filter>
    <Filter Include="Translation Files">
      <UniqueIdentifier>{639EADAA-A684-42e4-A9AD-28FC9BCB8F7C}</UniqueIdentifier>
      <Extensions>ts</Extensions>
    </Filter>
    <Filter Include="Source Files\HPGDetails">
      <UniqueIdentifier>{d6e30c54-60c2-4635-b442-6acdfa48ccb4}</UniqueIdentifier>
    </Filter>
    <Filter Include="Source Files\KPDetails">
      <UniqueIdentifier>{97b4b72b-1e74-47f7-baf1-89d5b5f07afd}</UniqueIdentifier>
    </Filter>
    <Filter Include="Source Files\TUDetails">
      <UniqueIdentifier>{4051da51-5ebe-475d-851d-6e3d7258fde0}</UniqueIdentifier>
    </Filter>
  </ItemGroup>
  <ItemGroup>
    <QtRcc Include="MainWindow.qrc">
      <Filter>Resource Files</Filter>
    </QtRcc>
    <QtUic Include="MainWindow.ui">
      <Filter>Form Files</Filter>
    </QtUic>
    <QtMoc Include="MainWindow.h">
      <Filter>Header Files</Filter>
    </QtMoc>
    <ClCompile Include="MainWindow.cpp">
      <Filter>Source Files</Filter>
    </ClCompile>
  </ItemGroup>
  <ItemGroup>
    <ClCompile Include="main.cpp">
      <Filter>Source Files</Filter>
    </ClCompile>
    <ClCompile Include="BuildMathModel.cpp">
      <Filter>Source Files</Filter>
    </ClCompile>
    <ClCompile Include="Viewer.cpp">
      <Filter>Source Files</Filter>
    </ClCompile>
    <ClCompile Include="ParamsWidget.cpp">
      <Filter>Source Files</Filter>
    </ClCompile>
    <ClCompile Include="Build_Assembly.cpp">
      <Filter>Source Files</Filter>
    </ClCompile>
    <ClCompile Include="FileController.cpp">
      <Filter>Source Files</Filter>
    </ClCompile>
    <ClCompile Include="Casing_HPG.cpp">
      <Filter>Source Files\HPGDetails</Filter>
    </ClCompile>
    <ClCompile Include="Casing_Cover_HPG.cpp">
      <Filter>Source Files\HPGDetails</Filter>
    </ClCompile>
    <ClCompile Include="Distribution_Chamber_HPG.cpp">
      <Filter>Source Files\HPGDetails</Filter>
    </ClCompile>
    <ClCompile Include="Distribution_Chamber_Cover_HPG.cpp">
      <Filter>Source Files\HPGDetails</Filter>
    </ClCompile>
    <ClCompile Include="Floating_Head_Cover_HPG.cpp">
      <Filter>Source Files\HPGDetails</Filter>
    </ClCompile>
    <ClCompile Include="Gasket_Casing_Cover_HPG.cpp">
      <Filter>Source Files\HPGDetails</Filter>
    </ClCompile>
    <ClCompile Include="Gasket_Chamber_Casing_HPG.cpp">
      <Filter>Source Files\HPGDetails</Filter>
    </ClCompile>
    <ClCompile Include="Gasket_Cover_Chamber_HPG.cpp">
      <Filter>Source Files\HPGDetails</Filter>
    </ClCompile>
    <ClCompile Include="Gasket_Floating_Head_HPG.cpp">
      <Filter>Source Files\HPGDetails</Filter>
    </ClCompile>
    <ClCompile Include="Half_Ring_HPG.cpp">
      <Filter>Source Files\HPGDetails</Filter>
    </ClCompile>
    <ClCompile Include="Stationary_Tube_Sheet_HPG.cpp">
      <Filter>Source Files\HPGDetails</Filter>
    </ClCompile>
    <ClCompile Include="Casing_Cover_KP.cpp">
      <Filter>Source Files\KPDetails</Filter>
    </ClCompile>
    <ClCompile Include="Casing_KP.cpp">
      <Filter>Source Files\KPDetails</Filter>
    </ClCompile>
    <ClCompile Include="Distribution_Chamber_Cover_KP.cpp">
      <Filter>Source Files\KPDetails</Filter>
    </ClCompile>
    <ClCompile Include="Distribution_Chamber_KP.cpp">
      <Filter>Source Files\KPDetails</Filter>
    </ClCompile>
    <ClCompile Include="Heat_Exchanger_Supports.cpp">
      <Filter>Source Files</Filter>
    </ClCompile>
    <ClCompile Include="Gost_Proportions.cpp">
      <Filter>Source Files</Filter>
    </ClCompile>
    <ClCompile Include="Movable_Tube_Sheet_HPG.cpp">
      <Filter>Source Files\HPGDetails</Filter>
    </ClCompile>
    <ClCompile Include="Gasket_Casing_Cover_KP.cpp">
      <Filter>Source Files\KPDetails</Filter>
    </ClCompile>
    <ClCompile Include="Gasket_Chamber_Casing_KP.cpp">
      <Filter>Source Files\KPDetails</Filter>
    </ClCompile>
    <ClCompile Include="Gasket_Cover_Chamber_KP.cpp">
      <Filter>Source Files\KPDetails</Filter>
    </ClCompile>
    <ClCompile Include="Gasket_Floating_Head_KP.cpp">
      <Filter>Source Files\KPDetails</Filter>
    </ClCompile>
    <ClCompile Include="Stationary_Tube_Sheet_KP.cpp">
      <Filter>Source Files\KPDetails</Filter>
    </ClCompile>
    <ClCompile Include="Floating_Head_Cover_KP.cpp">
      <Filter>Source Files\KPDetails</Filter>
    </ClCompile>
    <ClCompile Include="Half_Ring_KP.cpp">
      <Filter>Source Files\KPDetails</Filter>
    </ClCompile>
    <ClCompile Include="Movable_Tube_Sheet_KP.cpp">
      <Filter>Source Files\KPDetails</Filter>
    </ClCompile>
    <ClCompile Include="FixedSupHETY.cpp">
      <Filter>Source Files\TUDetails</Filter>
    </ClCompile>
    <ClCompile Include="Kozhuh.cpp">
      <Filter>Source Files\TUDetails</Filter>
    </ClCompile>
    <ClCompile Include="MoveSupHETY.cpp">
      <Filter>Source Files\TUDetails</Filter>
    </ClCompile>
    <ClCompile Include="PipeGridTY.cpp">
      <Filter>Source Files\TUDetails</Filter>
    </ClCompile>
    <ClCompile Include="TubeBundleTY.cpp">
      <Filter>Source Files\TUDetails</Filter>
    </ClCompile>
    <ClCompile Include="Kamera.cpp">
      <Filter>Source Files\TUDetails</Filter>
    </ClCompile>
    <ClCompile Include="Partition.cpp">
      <Filter>Source Files\HPGDetails</Filter>
    </ClCompile>
    <ClCompile Include="TubeBundles.cpp">
      <Filter>Source Files</Filter>
    </ClCompile>
    <ClCompile Include="Calculation.cpp">
      <Filter>Source Files</Filter>
    </ClCompile>
  </ItemGroup>
  <ItemGroup>
    <ClInclude Include="colorDef.h">
      <Filter>Header Files</Filter>
    </ClInclude>
    <ClInclude Include="BuildMathModel.h">
      <Filter>Header Files</Filter>
    </ClInclude>
    <ClInclude Include="resource.h">
      <Filter>Header Files</Filter>
    </ClInclude>
    <ClInclude Include="BuildParams.h">
      <Filter>Header Files</Filter>
    </ClInclude>
    <ClInclude Include="FileController.h">
      <Filter>Header Files</Filter>
    </ClInclude>
    <ClInclude Include="SceneParams.h">
      <Filter>Header Files</Filter>
    </ClInclude>
  </ItemGroup>
  <ItemGroup>
    <QtMoc Include="Viewer.h">
      <Filter>Header Files</Filter>
    </QtMoc>
    <QtMoc Include="ParamsWidget.h">
      <Filter>Header Files</Filter>
    </QtMoc>
  </ItemGroup>
  <ItemGroup>
    <ResourceCompile Include="Heat_Exchanger.rc">
      <Filter>Resource Files</Filter>
    </ResourceCompile>
  </ItemGroup>
  <ItemGroup>
    <QtUic Include="ParamsWidget.ui">
      <Filter>Form Files</Filter>
    </QtUic>
  </ItemGroup>
</Project>